
Microsoft Visual Studio Solution File, Format Version 12.00
# Visual Studio Version 17
VisualStudioVersion = 17.9.34728.123
MinimumVisualStudioVersion = 10.0.40219.1
Project("{F184B08F-C81C-45F6-A57F-5ABD9991F28F}") = "Test_0606", "Test_0606\Test_0606.vbproj", "{7FEC881E-8E0C-4848-AD8E-3FEB7F13380E}"
EndProject
Global
	GlobalSection(SolutionConfigurationPlatforms) = preSolution
		Debug|Any CPU = Debug|Any CPU
		Release|Any CPU = Release|Any CPU
	EndGlobalSection
	GlobalSection(ProjectConfigurationPlatforms) = postSolution
		{7FEC881E-8E0C-4848-AD8E-3FEB7F13380E}.Debug|Any CPU.ActiveCfg = Debug|Any CPU
		{7FEC881E-8E0C-4848-AD8E-3FEB7F13380E}.Debug|Any CPU.Build.0 = Debug|Any CPU
		{7FEC881E-8E0C-4848-AD8E-3FEB7F13380E}.Release|Any CPU.ActiveCfg = Release|Any CPU
		{7FEC881E-8E0C-4848-AD8E-3FEB7F13380E}.Release|Any CPU.Build.0 = Release|Any CPU
	EndGlobalSection
	GlobalSection(SolutionProperties) = preSolution
		HideSolutionNode = FALSE
	EndGlobalSection
	GlobalSection(ExtensibilityGlobals) = postSolution
		SolutionGuid = {26588B36-350E-41A3-8B41-A8321D62AD4D}
	EndGlobalSection
EndGlobal
