
Microsoft Visual Studio Solution File, Format Version 12.00
# Visual Studio Version 17
VisualStudioVersion = 17.9.34728.123
MinimumVisualStudioVersion = 10.0.40219.1
Project("{F184B08F-C81C-45F6-A57F-5ABD9991F28F}") = "Test13", "Test13\Test13.vbproj", "{5C0D4171-615B-4CB3-952D-A5BAC2D7E2E8}"
EndProject
Global
	GlobalSection(SolutionConfigurationPlatforms) = preSolution
		Debug|Any CPU = Debug|Any CPU
		Release|Any CPU = Release|Any CPU
	EndGlobalSection
	GlobalSection(ProjectConfigurationPlatforms) = postSolution
		{5C0D4171-615B-4CB3-952D-A5BAC2D7E2E8}.Debug|Any CPU.ActiveCfg = Debug|Any CPU
		{5C0D4171-615B-4CB3-952D-A5BAC2D7E2E8}.Debug|Any CPU.Build.0 = Debug|Any CPU
		{5C0D4171-615B-4CB3-952D-A5BAC2D7E2E8}.Release|Any CPU.ActiveCfg = Release|Any CPU
		{5C0D4171-615B-4CB3-952D-A5BAC2D7E2E8}.Release|Any CPU.Build.0 = Release|Any CPU
	EndGlobalSection
	GlobalSection(SolutionProperties) = preSolution
		HideSolutionNode = FALSE
	EndGlobalSection
	GlobalSection(ExtensibilityGlobals) = postSolution
		SolutionGuid = {DF27850A-9A43-40ED-9BFA-E56B868C9710}
	EndGlobalSection
EndGlobal
