
Microsoft Visual Studio Solution File, Format Version 12.00
# Visual Studio Version 17
VisualStudioVersion = 17.9.34728.123
MinimumVisualStudioVersion = 10.0.40219.1
Project("{F184B08F-C81C-45F6-A57F-5ABD9991F28F}") = "Test3", "Test3\Test3.vbproj", "{57150860-7C57-41DD-99B2-EB11947E21DB}"
EndProject
Global
	GlobalSection(SolutionConfigurationPlatforms) = preSolution
		Debug|Any CPU = Debug|Any CPU
		Release|Any CPU = Release|Any CPU
	EndGlobalSection
	GlobalSection(ProjectConfigurationPlatforms) = postSolution
		{57150860-7C57-41DD-99B2-EB11947E21DB}.Debug|Any CPU.ActiveCfg = Debug|Any CPU
		{57150860-7C57-41DD-99B2-EB11947E21DB}.Debug|Any CPU.Build.0 = Debug|Any CPU
		{57150860-7C57-41DD-99B2-EB11947E21DB}.Release|Any CPU.ActiveCfg = Release|Any CPU
		{57150860-7C57-41DD-99B2-EB11947E21DB}.Release|Any CPU.Build.0 = Release|Any CPU
	EndGlobalSection
	GlobalSection(SolutionProperties) = preSolution
		HideSolutionNode = FALSE
	EndGlobalSection
	GlobalSection(ExtensibilityGlobals) = postSolution
		SolutionGuid = {AB053F70-7E0A-4107-AAC5-59AF4A3AADEB}
	EndGlobalSection
EndGlobal
